<Solution>
  <Folder Name="/src/">
    <Project Path="src/Insider.Abstractions/Insider.Abstractions.csproj" />
    <Project Path="src/Insider.Bootstrap/Insider.Bootstrap.csproj" />
    <Project Path="src/Insider.Cli/Insider.Cli.csproj" />
    <Project Path="src/Insider.Hooking/Insider.Hooking.csproj" />
    <Project Path="src/Insider.Installation/Insider.Installation.csproj" />
    <Project Path="src/Insider.Loader/Insider.Loader.csproj" />
  </Folder>
  <Folder Name="/samples/">
    <Project Path="samples/HelloInsider/HelloInsider.csproj" />
  </Folder>
  <Folder Name="/tests/">
    <Project Path="tests/Insider.DependencyFixture.V1/Insider.DependencyFixture.V1.csproj" />
    <Project Path="tests/Insider.DependencyFixture.V2/Insider.DependencyFixture.V2.csproj" />
    <Project Path="tests/Insider.PluginFixture/Insider.PluginFixture.csproj" />
    <Project Path="tests/Insider.Tests/Insider.Tests.csproj" />
    <Project Path="tests/Insider.UnityMonoSmokePlugin/Insider.UnityMonoSmokePlugin.csproj" />
  </Folder>
</Solution>
